// !$*UTF8*$!
{
	archiveVersion = 1;
	classes = {
	};
	objectVersion = 77;
	objects = {

/* Begin PBXContainerItemProxy section */
		37A1A4CE2F0E342C00410EBB /* PBXContainerItemProxy */ = {
			isa = PBXContainerItemProxy;
			containerPortal = 37A1A4B82F0E342800410EBB /* Project object */;
			proxyType = 1;
			remoteGlobalIDString = 37A1A4BF2F0E342800410EBB;
			remoteInfo = "GPS Test";
		};
		37A1A4D82F0E342C00410EBB /* PBXContainerItemProxy */ = {
			isa = PBXContainerItemProxy;
			containerPortal = 37A1A4B82F0E342800410EBB /* Project object */;
			proxyType = 1;
			remoteGlobalIDString = 37A1A4BF2F0E342800410EBB;
			remoteInfo = "GPS Test";
		};
/* End PBXContainerItemProxy section */

/* Begin PBXFileReference section */
		37A1A4C02F0E342800410EBB /* GPS Test.app */ = {isa = PBXFileReference; explicitFileType = wrapper.application; includeInIndex = 0; path = "GPS Test.app"; sourceTree = BUILT_PRODUCTS_DIR; };
		37A1A4CD2F0E342C00410EBB /* GPS TestTests.xctest */ = {isa = PBXFileReference; explicitFileType = wrapper.cfbundle; includeInIndex = 0; path = "GPS TestTests.xctest"; sourceTree = BUILT_PRODUCTS_DIR; };
		37A1A4D72F0E342C00410EBB /* GPS TestUITests.xctest */ = {isa = PBXFileReference; explicitFileType = wrapper.cfbundle; includeInIndex = 0; path = "GPS TestUITests.xctest"; sourceTree = BUILT_PRODUCTS_DIR; };
/* End PBXFileReference section */

/* Begin PBXFileSystemSynchronizedRootGroup section */
		37A1A4C22F0E342800410EBB /* GPS Test */ = {
			isa = PBXFileSystemSynchronizedRootGroup;
			path = "GPS Test";
			sourceTree = "<group>";
		};
		37A1A4D02F0E342C00410EBB /* GPS TestTests */ = {
			isa = PBXFileSystemSynchronizedRootGroup;
			path = "GPS TestTests";
			sourceTree = "<group>";
		};
		37A1A4DA2F0E342C00410EBB /* GPS TestUITests */ = {
			isa = PBXFileSystemSynchronizedRootGroup;
			path = "GPS TestUITests";
			sourceTree = "<group>";
		};
/* End PBXFileSystemSynchronizedRootGroup section */

/* Begin PBXFrameworksBuildPhase section */
		37A1A4BD2F0E342800410EBB /* Frameworks */ = {
			isa = PBXFrameworksBuildPhase;
			buildActionMask = 2147483647;
			files = (
			);
			runOnlyForDeploymentPostprocessing = 0;
		};
		37A1A4CA2F0E342C00410EBB /* Frameworks */ = {
			isa = PBXFrameworksBuildPhase;
			buildActionMask = 2147483647;
			files = (
			);
			runOnlyForDeploymentPostprocessing = 0;
		};
		37A1A4D42F0E342C00410EBB /* Frameworks */ = {
			isa = PBXFrameworksBuildPhase;
			buildActionMask = 2147483647;
			files = (
			);
			runOnlyForDeploymentPostprocessing = 0;
		};
/* End PBXFrameworksBuildPhase section */

/* Begin PBXGroup section */
		37A1A4B72F0E342800410EBB = {
			isa = PBXGroup;
			children = (
				37A1A4C22F0E342800410EBB /* GPS Test */,
				37A1A4D02F0E342C00410EBB /* GPS TestTests */,
				37A1A4DA2F0E342C00410EBB /* GPS TestUITests */,
				37A1A4C12F0E342800410EBB /* Products */,
			);
			sourceTree = "<group>";
		};
		37A1A4C12F0E342800410EBB /* Products */ = {
			isa = PBXGroup;
			children = (
				37A1A4C02F0E342800410EBB /* GPS Test.app */,
				37A1A4CD2F0E342C00410EBB /* GPS TestTests.xctest */,
				37A1A4D72F0E342C00410EBB /* GPS TestUITests.xctest */,
			);
			name = Products;
			sourceTree = "<group>";
		};
/* End PBXGroup section */

/* Begin PBXNativeTarget section */
		37A1A4BF2F0E342800410EBB /* GPS Test */ = {
			isa = PBXNativeTarget;
			buildConfigurationList = 37A1A4E12F0E342C00410EBB /* Build configuration list for PBXNativeTarget "GPS Test" */;
			buildPhases = (
				37A1A4BC2F0E342800410EBB /* Sources */,
				37A1A4BD2F0E342800410EBB /* Frameworks */,
				37A1A4BE2F0E342800410EBB /* Resources */,
			);
			buildRules = (
			);
			dependencies = (
			);
			fileSystemSynchronizedGroups = (
				37A1A4C22F0E342800410EBB /* GPS Test */,
			);
			name = "GPS Test";
			packageProductDependencies = (
			);
			productName = "GPS Test";
			productReference = 37A1A4C02F0E342800410EBB /* GPS Test.app */;
			productType = "com.apple.product-type.application";
		};
		37A1A4CC2F0E342C00410EBB /* GPS TestTests */ = {
			isa = PBXNativeTarget;
			buildConfigurationList = 37A1A4E42F0E342C00410EBB /* Build configuration list for PBXNativeTarget "GPS TestTests" */;
			buildPhases = (
				37A1A4C92F0E342C00410EBB /* Sources */,
				37A1A4CA2F0E342C00410EBB /* Frameworks */,
				37A1A4CB2F0E342C00410EBB /* Resources */,
			);
			buildRules = (
			);
			dependencies = (
				37A1A4CF2F0E342C00410EBB /* PBXTargetDependency */,
			);
			fileSystemSynchronizedGroups = (
				37A1A4D02F0E342C00410EBB /* GPS TestTests */,
			);
			name = "GPS TestTests";
			packageProductDependencies = (
			);
			productName = "GPS TestTests";
			productReference = 37A1A4CD2F0E342C00410EBB /* GPS TestTests.xctest */;
			productType = "com.apple.product-type.bundle.unit-test";
		};
		37A1A4D62F0E342C00410EBB /* GPS TestUITests */ = {
			isa = PBXNativeTarget;
			buildConfigurationList = 37A1A4E72F0E342C00410EBB /* Build configuration list for PBXNativeTarget "GPS TestUITests" */;
			buildPhases = (
				37A1A4D32F0E342C00410EBB /* Sources */,
				37A1A4D42F0E342C00410EBB /* Frameworks */,
				37A1A4D52F0E342C00410EBB /* Resources */,
			);
			buildRules = (
			);
			dependencies = (
				37A1A4D92F0E342C00410EBB /* PBXTargetDependency */,
			);
			fileSystemSynchronizedGroups = (
				37A1A4DA2F0E342C00410EBB /* GPS TestUITests */,
			);
			name = "GPS TestUITests";
			packageProductDependencies = (
			);
			productName = "GPS TestUITests";
			productReference = 37A1A4D72F0E342C00410EBB /* GPS TestUITests.xctest */;
			productType = "com.apple.product-type.bundle.ui-testing";
		};
/* End PBXNativeTarget section */

/* Begin PBXProject section */
		37A1A4B82F0E342800410EBB /* Project object */ = {
			isa = PBXProject;
			attributes = {
				BuildIndependentTargetsInParallel = 1;
				LastSwiftUpdateCheck = 1640;
				LastUpgradeCheck = 1640;
				TargetAttributes = {
					37A1A4BF2F0E342800410EBB = {
						CreatedOnToolsVersion = 16.4;
					};
					37A1A4CC2F0E342C00410EBB = {
						CreatedOnToolsVersion = 16.4;
						TestTargetID = 37A1A4BF2F0E342800410EBB;
					};
					37A1A4D62F0E342C00410EBB = {
						CreatedOnToolsVersion = 16.4;
						TestTargetID = 37A1A4BF2F0E342800410EBB;
					};
				};
			};
			buildConfigurationList = 37A1A4BB2F0E342800410EBB /* Build configuration list for PBXProject "GPS Test" */;
			developmentRegion = en;
			hasScannedForEncodings = 0;
			knownRegions = (
				en,
				Base,
			);
			mainGroup = 37A1A4B72F0E342800410EBB;
			minimizedProjectReferenceProxies = 1;
			preferredProjectObjectVersion = 77;
			productRefGroup = 37A1A4C12F0E342800410EBB /* Products */;
			projectDirPath = "";
			projectRoot = "";
			targets = (
				37A1A4BF2F0E342800410EBB /* GPS Test */,
				37A1A4CC2F0E342C00410EBB /* GPS TestTests */,
				37A1A4D62F0E342C00410EBB /* GPS TestUITests */,
			);
		};
/* End PBXProject section */

/* Begin PBXResourcesBuildPhase section */
		37A1A4BE2F0E342800410EBB /* Resources */ = {
			isa = PBXResourcesBuildPhase;
			buildActionMask = 2147483647;
			files = (
			);
			runOnlyForDeploymentPostprocessing = 0;
		};
		37A1A4CB2F0E342C00410EBB /* Resources */ = {
			isa = PBXResourcesBuildPhase;
			buildActionMask = 2147483647;
			files = (
			);
			runOnlyForDeploymentPostprocessing = 0;
		};
		37A1A4D52F0E342C00410EBB /* Resources */ = {
			isa = PBXResourcesBuildPhase;
			buildActionMask = 2147483647;
			files = (
			);
			runOnlyForDeploymentPostprocessing = 0;
		};
/* End PBXResourcesBuildPhase section */

/* Begin PBXSourcesBuildPhase section */
		37A1A4BC2F0E342800410EBB /* Sources */ = {
			isa = PBXSourcesBuildPhase;
			buildActionMask = 2147483647;
			files = (
			);
			runOnlyForDeploymentPostprocessing = 0;
		};
		37A1A4C92F0E342C00410EBB /* Sources */ = {
			isa = PBXSourcesBuildPhase;
			buildActionMask = 2147483647;
			files = (
			);
			runOnlyForDeploymentPostprocessing = 0;
		};
		37A1A4D32F0E342C00410EBB /* Sources */ = {
			isa = PBXSourcesBuildPhase;
			buildActionMask = 2147483647;
			files = (
			);
			runOnlyForDeploymentPostprocessing = 0;
		};
/* End PBXSourcesBuildPhase section */

/* Begin PBXTargetDependency section */
		37A1A4CF2F0E342C00410EBB /* PBXTargetDependency */ = {
			isa = PBXTargetDependency;
			target = 37A1A4BF2F0E342800410EBB /* GPS Test */;
			targetProxy = 37A1A4CE2F0E342C00410EBB /* PBXContainerItemProxy */;
		};
		37A1A4D92F0E342C00410EBB /* PBXTargetDependency */ = {
			isa = PBXTargetDependency;
			target = 37A1A4BF2F0E342800410EBB /* GPS Test */;
			targetProxy = 37A1A4D82F0E342C00410EBB /* PBXContainerItemProxy */;
		};
/* End PBXTargetDependency section */

/* Begin XCBuildConfiguration section */
		37A1A4DF2F0E342C00410EBB /* Debug */ = {
			isa = XCBuildConfiguration;
			buildSettings = {
				ALWAYS_SEARCH_USER_PATHS = NO;
				ASSETCATALOG_COMPILER_GENERATE_SWIFT_ASSET_SYMBOL_EXTENSIONS = YES;
				CLANG_ANALYZER_NONNULL = YES;
				CLANG_ANALYZER_NUMBER_OBJECT_CONVERSION = YES_AGGRESSIVE;
				CLANG_CXX_LANGUAGE_STANDARD = "gnu++20";
				CLANG_ENABLE_MODULES = YES;
				CLANG_ENABLE_OBJC_ARC = YES;
				CLANG_ENABLE_OBJC_WEAK = YES;
				CLANG_WARN_BLOCK_CAPTURE_AUTORELEASING = YES;
				CLANG_WARN_BOOL_CONVERSION = YES;
				CLANG_WARN_COMMA = YES;
				CLANG_WARN_CONSTANT_CONVERSION = YES;
				CLANG_WARN_DEPRECATED_OBJC_IMPLEMENTATIONS = YES;
				CLANG_WARN_DIRECT_OBJC_ISA_USAGE = YES_ERROR;
				CLANG_WARN_DOCUMENTATION_COMMENTS = YES;
				CLANG_WARN_EMPTY_BODY = YES;
				CLANG_WARN_ENUM_CONVERSION = YES;
				CLANG_WARN_INFINITE_RECURSION = YES;
				CLANG_WARN_INT_CONVERSION = YES;
				CLANG_WARN_NON_LITERAL_NULL_CONVERSION = YES;
				CLANG_WARN_OBJC_IMPLICIT_RETAIN_SELF = YES;
				CLANG_WARN_OBJC_LITERAL_CONVERSION = YES;
				CLANG_WARN_OBJC_ROOT_CLASS = YES_ERROR;
				CLANG_WARN_QUOTED_INCLUDE_IN_FRAMEWORK_HEADER = YES;
				CLANG_WARN_RANGE_LOOP_ANALYSIS = YES;
				CLANG_WARN_STRICT_PROTOTYPES = YES;
				CLANG_WARN_SUSPICIOUS_MOVE = YES;
				CLANG_WARN_UNGUARDED_AVAILABILITY = YES_AGGRESSIVE;
				CLANG_WARN_UNREACHABLE_CODE = YES;
				CLANG_WARN__DUPLICATE_METHOD_MATCH = YES;
				COPY_PHASE_STRIP = NO;
				DEBUG_INFORMATION_FORMAT = dwarf;
				DEVELOPMENT_TEAM = V4CUZM9VN3;
				ENABLE_STRICT_OBJC_MSGSEND = YES;
				ENABLE_TESTABILITY = YES;
				ENABLE_USER_SCRIPT_SANDBOXING = YES;
				GCC_C_LANGUAGE_STANDARD = gnu17;
				GCC_DYNAMIC_NO_PIC = NO;
				GCC_NO_COMMON_BLOCKS = YES;
				GCC_OPTIMIZATION_LEVEL = 0;
				GCC_PREPROCESSOR_DEFINITIONS = (
					"DEBUG=1",
					"$(inherited)",
				);
				GCC_WARN_64_TO_32_BIT_CONVERSION = YES;
				GCC_WARN_ABOUT_RETURN_TYPE = YES_ERROR;
				GCC_WARN_UNDECLARED_SELECTOR = YES;
				GCC_WARN_UNINITIALIZED_AUTOS = YES_AGGRESSIVE;
				GCC_WARN_UNUSED_FUNCTION = YES;
				GCC_WARN_UNUSED_VARIABLE = YES;
				IPHONEOS_DEPLOYMENT_TARGET = 18.5;
				LOCALIZATION_PREFERS_STRING_CATALOGS = YES;
				MTL_ENABLE_DEBUG_INFO = INCLUDE_SOURCE;
				MTL_FAST_MATH = YES;
				ONLY_ACTIVE_ARCH = YES;
				SDKROOT = iphoneos;
				SWIFT_ACTIVE_COMPILATION_CONDITIONS = "DEBUG $(inherited)";
				SWIFT_OPTIMIZATION_LEVEL = "-Onone";
			};
			name = Debug;
		};
		37A1A4E02F0E342C00410EBB /* Release */ = {
			isa = XCBuildConfiguration;
			buildSettings = {
				ALWAYS_SEARCH_USER_PATHS = NO;
				ASSETCATALOG_COMPILER_GENERATE_SWIFT_ASSET_SYMBOL_EXTENSIONS = YES;
				CLANG_ANALYZER_NONNULL = YES;
				CLANG_ANALYZER_NUMBER_OBJECT_CONVERSION = YES_AGGRESSIVE;
				CLANG_CXX_LANGUAGE_STANDARD = "gnu++20";
				CLANG_ENABLE_MODULES = YES;
				CLANG_ENABLE_OBJC_ARC = YES;
				CLANG_ENABLE_OBJC_WEAK = YES;
				CLANG_WARN_BLOCK_CAPTURE_AUTORELEASING = YES;
				CLANG_WARN_BOOL_CONVERSION = YES;
				CLANG_WARN_COMMA = YES;
				CLANG_WARN_CONSTANT_CONVERSION = YES;
				CLANG_WARN_DEPRECATED_OBJC_IMPLEMENTATIONS = YES;
				CLANG_WARN_DIRECT_OBJC_ISA_USAGE = YES_ERROR;
				CLANG_WARN_DOCUMENTATION_COMMENTS = YES;
				CLANG_WARN_EMPTY_BODY = YES;
				CLANG_WARN_ENUM_CONVERSION = YES;
				CLANG_WARN_INFINITE_RECURSION = YES;
				CLANG_WARN_INT_CONVERSION = YES;
				CLANG_WARN_NON_LITERAL_NULL_CONVERSION = YES;
				CLANG_WARN_OBJC_IMPLICIT_RETAIN_SELF = YES;
				CLANG_WARN_OBJC_LITERAL_CONVERSION = YES;
				CLANG_WARN_OBJC_ROOT_CLASS = YES_ERROR;
				CLANG_WARN_QUOTED_INCLUDE_IN_FRAMEWORK_HEADER = YES;
				CLANG_WARN_RANGE_LOOP_ANALYSIS = YES;
				CLANG_WARN_STRICT_PROTOTYPES = YES;
				CLANG_WARN_SUSPICIOUS_MOVE = YES;
				CLANG_WARN_UNGUARDED_AVAILABILITY = YES_AGGRESSIVE;
				CLANG_WARN_UNREACHABLE_CODE = YES;
				CLANG_WARN__DUPLICATE_METHOD_MATCH = YES;
				COPY_PHASE_STRIP = NO;
				DEBUG_INFORMATION_FORMAT = "dwarf-with-dsym";
				DEVELOPMENT_TEAM = V4CUZM9VN3;
				ENABLE_NS_ASSERTIONS = NO;
				ENABLE_STRICT_OBJC_MSGSEND = YES;
				ENABLE_USER_SCRIPT_SANDBOXING = YES;
				GCC_C_LANGUAGE_STANDARD = gnu17;
				GCC_NO_COMMON_BLOCKS = YES;
				GCC_WARN_64_TO_32_BIT_CONVERSION = YES;
				GCC_WARN_ABOUT_RETURN_TYPE = YES_ERROR;
				GCC_WARN_UNDECLARED_SELECTOR = YES;
				GCC_WARN_UNINITIALIZED_AUTOS = YES_AGGRESSIVE;
				GCC_WARN_UNUSED_FUNCTION = YES;
				GCC_WARN_UNUSED_VARIABLE = YES;
				IPHONEOS_DEPLOYMENT_TARGET = 18.5;
				LOCALIZATION_PREFERS_STRING_CATALOGS = YES;
				MTL_ENABLE_DEBUG_INFO = NO;
				MTL_FAST_MATH = YES;
				SDKROOT = iphoneos;
				SWIFT_COMPILATION_MODE = wholemodule;
				VALIDATE_PRODUCT = YES;
			};
			name = Release;
		};
		37A1A4E22F0E342C00410EBB /* Debug */ = {
			isa = XCBuildConfiguration;
			buildSettings = {
				ASSETCATALOG_COMPILER_APPICON_NAME = AppIcon;
				ASSETCATALOG_COMPILER_GLOBAL_ACCENT_COLOR_NAME = AccentColor;
				CODE_SIGN_STYLE = Automatic;
				CURRENT_PROJECT_VERSION = 1;
				DEVELOPMENT_TEAM = V4CUZM9VN3;
				ENABLE_PREVIEWS = YES;
				GENERATE_INFOPLIST_FILE = YES;
				INFOPLIST_KEY_NSBluetoothAlwaysUsageDescription = "This app uses Bluetooth to connect to the ESP32 RaceBox emulator and receive GPS data at 25Hz.";
				INFOPLIST_KEY_NSBluetoothPeripheralUsageDescription = "This app uses Bluetooth to connect to the ESP32 RaceBox emulator and receive GPS data at 25Hz.";
				INFOPLIST_KEY_UIApplicationSceneManifest_Generation = YES;
				INFOPLIST_KEY_UIApplicationSupportsIndirectInputEvents = YES;
				INFOPLIST_KEY_UILaunchScreen_Generation = YES;
				INFOPLIST_KEY_UISupportedInterfaceOrientations_iPad = "UIInterfaceOrientationPortrait UIInterfaceOrientationPortraitUpsideDown UIInterfaceOrientationLandscapeLeft UIInterfaceOrientationLandscapeRight";
				INFOPLIST_KEY_UISupportedInterfaceOrientations_iPhone = "UIInterfaceOrientationPortrait UIInterfaceOrientationLandscapeLeft UIInterfaceOrientationLandscapeRight";
				LD_RUNPATH_SEARCH_PATHS = (
					"$(inherited)",
					"@executable_path/Frameworks",
				);
				MARKETING_VERSION = 1.0;
				PRODUCT_BUNDLE_IDENTIFIER = "dan.GPS-Test";
				PRODUCT_NAME = "$(TARGET_NAME)";
				SWIFT_EMIT_LOC_STRINGS = YES;
				SWIFT_VERSION = 5.0;
				TARGETED_DEVICE_FAMILY = "1,2";
			};
			name = Debug;
		};
		37A1A4E32F0E342C00410EBB /* Release */ = {
			isa = XCBuildConfiguration;
			buildSettings = {
				ASSETCATALOG_COMPILER_APPICON_NAME = AppIcon;
				ASSETCATALOG_COMPILER_GLOBAL_ACCENT_COLOR_NAME = AccentColor;
				CODE_SIGN_STYLE = Automatic;
				CURRENT_PROJECT_VERSION = 1;
				DEVELOPMENT_TEAM = V4CUZM9VN3;
				ENABLE_PREVIEWS = YES;
				GENERATE_INFOPLIST_FILE = YES;
				INFOPLIST_KEY_NSBluetoothAlwaysUsageDescription = "This app uses Bluetooth to connect to the ESP32 RaceBox emulator and receive GPS data at 25Hz.";
				INFOPLIST_KEY_NSBluetoothPeripheralUsageDescription = "This app uses Bluetooth to connect to the ESP32 RaceBox emulator and receive GPS data at 25Hz.";
				INFOPLIST_KEY_UIApplicationSceneManifest_Generation = YES;
				INFOPLIST_KEY_UIApplicationSupportsIndirectInputEvents = YES;
				INFOPLIST_KEY_UILaunchScreen_Generation = YES;
				INFOPLIST_KEY_UISupportedInterfaceOrientations_iPad = "UIInterfaceOrientationPortrait UIInterfaceOrientationPortraitUpsideDown UIInterfaceOrientationLandscapeLeft UIInterfaceOrientationLandscapeRight";
				INFOPLIST_KEY_UISupportedInterfaceOrientations_iPhone = "UIInterfaceOrientationPortrait UIInterfaceOrientationLandscapeLeft UIInterfaceOrientationLandscapeRight";
				LD_RUNPATH_SEARCH_PATHS = (
					"$(inherited)",
					"@executable_path/Frameworks",
				);
				MARKETING_VERSION = 1.0;
				PRODUCT_BUNDLE_IDENTIFIER = "dan.GPS-Test";
				PRODUCT_NAME = "$(TARGET_NAME)";
				SWIFT_EMIT_LOC_STRINGS = YES;
				SWIFT_VERSION = 5.0;
				TARGETED_DEVICE_FAMILY = "1,2";
			};
			name = Release;
		};
		37A1A4E52F0E342C00410EBB /* Debug */ = {
			isa = XCBuildConfiguration;
			buildSettings = {
				BUNDLE_LOADER = "$(TEST_HOST)";
				CODE_SIGN_STYLE = Automatic;
				CURRENT_PROJECT_VERSION = 1;
				DEVELOPMENT_TEAM = V4CUZM9VN3;
				GENERATE_INFOPLIST_FILE = YES;
				IPHONEOS_DEPLOYMENT_TARGET = 18.5;
				MARKETING_VERSION = 1.0;
				PRODUCT_BUNDLE_IDENTIFIER = "dan.GPS-TestTests";
				PRODUCT_NAME = "$(TARGET_NAME)";
				SWIFT_EMIT_LOC_STRINGS = NO;
				SWIFT_VERSION = 5.0;
				TARGETED_DEVICE_FAMILY = "1,2";
				TEST_HOST = "$(BUILT_PRODUCTS_DIR)/GPS Test.app/$(BUNDLE_EXECUTABLE_FOLDER_PATH)/GPS Test";
			};
			name = Debug;
		};
		37A1A4E62F0E342C00410EBB /* Release */ = {
			isa = XCBuildConfiguration;
			buildSettings = {
				BUNDLE_LOADER = "$(TEST_HOST)";
				CODE_SIGN_STYLE = Automatic;
				CURRENT_PROJECT_VERSION = 1;
				DEVELOPMENT_TEAM = V4CUZM9VN3;
				GENERATE_INFOPLIST_FILE = YES;
				IPHONEOS_DEPLOYMENT_TARGET = 18.5;
				MARKETING_VERSION = 1.0;
				PRODUCT_BUNDLE_IDENTIFIER = "dan.GPS-TestTests";
				PRODUCT_NAME = "$(TARGET_NAME)";
				SWIFT_EMIT_LOC_STRINGS = NO;
				SWIFT_VERSION = 5.0;
				TARGETED_DEVICE_FAMILY = "1,2";
				TEST_HOST = "$(BUILT_PRODUCTS_DIR)/GPS Test.app/$(BUNDLE_EXECUTABLE_FOLDER_PATH)/GPS Test";
			};
			name = Release;
		};
		37A1A4E82F0E342C00410EBB /* Debug */ = {
			isa = XCBuildConfiguration;
			buildSettings = {
				CODE_SIGN_STYLE = Automatic;
				CURRENT_PROJECT_VERSION = 1;
				DEVELOPMENT_TEAM = V4CUZM9VN3;
				GENERATE_INFOPLIST_FILE = YES;
				MARKETING_VERSION = 1.0;
				PRODUCT_BUNDLE_IDENTIFIER = "dan.GPS-TestUITests";
				PRODUCT_NAME = "$(TARGET_NAME)";
				SWIFT_EMIT_LOC_STRINGS = NO;
				SWIFT_VERSION = 5.0;
				TARGETED_DEVICE_FAMILY = "1,2";
				TEST_TARGET_NAME = "GPS Test";
			};
			name = Debug;
		};
		37A1A4E92F0E342C00410EBB /* Release */ = {
			isa = XCBuildConfiguration;
			buildSettings = {
				CODE_SIGN_STYLE = Automatic;
				CURRENT_PROJECT_VERSION = 1;
				DEVELOPMENT_TEAM = V4CUZM9VN3;
				GENERATE_INFOPLIST_FILE = YES;
				MARKETING_VERSION = 1.0;
				PRODUCT_BUNDLE_IDENTIFIER = "dan.GPS-TestUITests";
				PRODUCT_NAME = "$(TARGET_NAME)";
				SWIFT_EMIT_LOC_STRINGS = NO;
				SWIFT_VERSION = 5.0;
				TARGETED_DEVICE_FAMILY = "1,2";
				TEST_TARGET_NAME = "GPS Test";
			};
			name = Release;
		};
/* End XCBuildConfiguration section */

/* Begin XCConfigurationList section */
		37A1A4BB2F0E342800410EBB /* Build configuration list for PBXProject "GPS Test" */ = {
			isa = XCConfigurationList;
			buildConfigurations = (
				37A1A4DF2F0E342C00410EBB /* Debug */,
				37A1A4E02F0E342C00410EBB /* Release */,
			);
			defaultConfigurationIsVisible = 0;
			defaultConfigurationName = Release;
		};
		37A1A4E12F0E342C00410EBB /* Build configuration list for PBXNativeTarget "GPS Test" */ = {
			isa = XCConfigurationList;
			buildConfigurations = (
				37A1A4E22F0E342C00410EBB /* Debug */,
				37A1A4E32F0E342C00410EBB /* Release */,
			);
			defaultConfigurationIsVisible = 0;
			defaultConfigurationName = Release;
		};
		37A1A4E42F0E342C00410EBB /* Build configuration list for PBXNativeTarget "GPS TestTests" */ = {
			isa = XCConfigurationList;
			buildConfigurations = (
				37A1A4E52F0E342C00410EBB /* Debug */,
				37A1A4E62F0E342C00410EBB /* Release */,
			);
			defaultConfigurationIsVisible = 0;
			defaultConfigurationName = Release;
		};
		37A1A4E72F0E342C00410EBB /* Build configuration list for PBXNativeTarget "GPS TestUITests" */ = {
			isa = XCConfigurationList;
			buildConfigurations = (
				37A1A4E82F0E342C00410EBB /* Debug */,
				37A1A4E92F0E342C00410EBB /* Release */,
			);
			defaultConfigurationIsVisible = 0;
			defaultConfigurationName = Release;
		};
/* End XCConfigurationList section */
	};
	rootObject = 37A1A4B82F0E342800410EBB /* Project object */;
}
